
Microsoft Visual Studio Solution File, Format Version 12.00
# Visual Studio Version 17
VisualStudioVersion = 17.3.32901.215
MinimumVisualStudioVersion = 10.0.40219.1
Project("{9A19103F-16F7-4668-BE54-9A1E7A4F7556}") = "DataAccessLibrary", "DataAccessLibrary\DataAccessLibrary.csproj", "{F40B65FB-68A6-4417-9D78-434B76A68ADC}"
EndProject
Project("{9A19103F-16F7-4668-BE54-9A1E7A4F7556}") = "TodoListAPI", "TodoListAPI\TodoListAPI.csproj", "{B3EF13BE-8103-44D3-8449-31CBA3B6C2FD}"
EndProject
Global
	GlobalSection(SolutionConfigurationPlatforms) = preSolution
		Debug|Any CPU = Debug|Any CPU
		Release|Any CPU = Release|Any CPU
	EndGlobalSection
	GlobalSection(ProjectConfigurationPlatforms) = postSolution
		{F40B65FB-68A6-4417-9D78-434B76A68ADC}.Debug|Any CPU.ActiveCfg = Debug|Any CPU
		{F40B65FB-68A6-4417-9D78-434B76A68ADC}.Debug|Any CPU.Build.0 = Debug|Any CPU
		{F40B65FB-68A6-4417-9D78-434B76A68ADC}.Release|Any CPU.ActiveCfg = Release|Any CPU
		{F40B65FB-68A6-4417-9D78-434B76A68ADC}.Release|Any CPU.Build.0 = Release|Any CPU
		{B3EF13BE-8103-44D3-8449-31CBA3B6C2FD}.Debug|Any CPU.ActiveCfg = Debug|Any CPU
		{B3EF13BE-8103-44D3-8449-31CBA3B6C2FD}.Debug|Any CPU.Build.0 = Debug|Any CPU
		{B3EF13BE-8103-44D3-8449-31CBA3B6C2FD}.Release|Any CPU.ActiveCfg = Release|Any CPU
		{B3EF13BE-8103-44D3-8449-31CBA3B6C2FD}.Release|Any CPU.Build.0 = Release|Any CPU
	EndGlobalSection
	GlobalSection(SolutionProperties) = preSolution
		HideSolutionNode = FALSE
	EndGlobalSection
	GlobalSection(ExtensibilityGlobals) = postSolution
		SolutionGuid = {B384F994-7EA7-497D-9FB2-013542F36A07}
	EndGlobalSection
EndGlobal
